
Microsoft Visual Studio Solution File, Format Version 12.00
# Visual Studio Version 17
VisualStudioVersion = 17.14.36705.20 d17.14
MinimumVisualStudioVersion = 10.0.40219.1
Project("{FAE04EC0-301F-11D3-BF4B-00C04F79EFBC}") = "Project", "Project.csproj", "{231476C1-3159-4DBF-A45A-F854B2934D6F}"
EndProject
Project("{FAE04EC0-301F-11D3-BF4B-00C04F79EFBC}") = "UnixTestProject", "..\UnixTestProject\UnixTestProject.csproj", "{4F7E76C6-4FB3-4F12-8CB6-4318D90BDD5D}"
EndProject
Global
	GlobalSection(SolutionConfigurationPlatforms) = preSolution
		Debug|Any CPU = Debug|Any CPU
		Release|Any CPU = Release|Any CPU
	EndGlobalSection
	GlobalSection(ProjectConfigurationPlatforms) = postSolution
		{231476C1-3159-4DBF-A45A-F854B2934D6F}.Debug|Any CPU.ActiveCfg = Debug|Any CPU
		{231476C1-3159-4DBF-A45A-F854B2934D6F}.Debug|Any CPU.Build.0 = Debug|Any CPU
		{231476C1-3159-4DBF-A45A-F854B2934D6F}.Release|Any CPU.ActiveCfg = Release|Any CPU
		{231476C1-3159-4DBF-A45A-F854B2934D6F}.Release|Any CPU.Build.0 = Release|Any CPU
		{4F7E76C6-4FB3-4F12-8CB6-4318D90BDD5D}.Debug|Any CPU.ActiveCfg = Debug|Any CPU
		{4F7E76C6-4FB3-4F12-8CB6-4318D90BDD5D}.Debug|Any CPU.Build.0 = Debug|Any CPU
		{4F7E76C6-4FB3-4F12-8CB6-4318D90BDD5D}.Release|Any CPU.ActiveCfg = Release|Any CPU
		{4F7E76C6-4FB3-4F12-8CB6-4318D90BDD5D}.Release|Any CPU.Build.0 = Release|Any CPU
	EndGlobalSection
	GlobalSection(SolutionProperties) = preSolution
		HideSolutionNode = FALSE
	EndGlobalSection
	GlobalSection(ExtensibilityGlobals) = postSolution
		SolutionGuid = {974B9C83-AC4D-45CD-BB0A-8FD32858C99B}
	EndGlobalSection
EndGlobal
